{
  "name": "create-dom99-app",
  "version": "1.0.0",
  "lockfileVersion": 1,
  "requires": true,
  "dependencies": {
    "utilsac": {
      "version": "6.0.1",
      "resolved": "https://registry.npmjs.org/utilsac/-/utilsac-6.0.1.tgz",
      "integrity": "sha512-0v5hZnmEGkUUa/lkz4qb9hHy3cpUOd8MS+bYuy6xgG1p9IkhbIz/j/pwXtjYrwvFCmPzqC+4zHFZrj9A3IMQeg=="
    }
  }
}
