{
  "name": "example-number-90184649",
  "version": "1.0.0",
  "lockfileVersion": 1,
  "requires": true,
  "dependencies": {
    "dom99": {
      "version": "8.2.2",
      "resolved": "https://registry.npmjs.org/dom99/-/dom99-8.2.2.tgz",
      "integrity": "sha512-B4HNP7swdZgZnJemwmj4OkPklyD4B196fcIK5xrvTVmyHdJcsesVkiDYWnM9lZ14KPslFaZJaGRMJ2y1V6Axtw=="
    },
    "tachyons": {
      "version": "4.9.0",
      "resolved": "https://registry.npmjs.org/tachyons/-/tachyons-4.9.0.tgz",
      "integrity": "sha512-bq40Dxl0Q9LFcFsoU4BmTlR4Y9Ta/9AClAhmKhBBdXN0isup9dXtYmFIJGYHz2EOVOf/gO/FONEH0BDa/iNYkg==",
      "dev": true
    }
  }
}
