{
  "name": "example-number-90184649",
  "version": "1.0.0",
  "lockfileVersion": 1,
  "requires": true,
  "dependencies": {
    "dom99": {
      "version": "8.2.4",
      "resolved": "https://registry.npmjs.org/dom99/-/dom99-8.2.4.tgz",
      "integrity": "sha512-hkZ+/teZLdPMUVtjHPFRbCGFhfJ6lyfhbDYNV408f2rmJ6Txaob61lJBlRhbBq0Jdom+mHE81CafaTVSqLilYQ=="
    },
    "tachyons": {
      "version": "4.9.1",
      "resolved": "https://registry.npmjs.org/tachyons/-/tachyons-4.9.1.tgz",
      "integrity": "sha512-trJFXhzDZeHRcd9Bqn6ub3e0VqGWKMsGdP7RJoT+8Ihoak41o1qCwqcFx8hsFlfFWa6a4jsb464TNXnTt+MPnw==",
      "dev": true
    }
  }
}
